
Microsoft Visual Studio Solution File, Format Version 12.00
# Visual Studio Version 16
VisualStudioVersion = 16.0.30907.101
MinimumVisualStudioVersion = 10.0.40219.1
Project("{FAE04EC0-301F-11D3-BF4B-00C04F79EFBC}") = "DemoActivity", "DemoActivity\DemoActivity.csproj", "{88CB9AFD-BE32-476E-A522-04F580C15641}"
EndProject
Global
	GlobalSection(SolutionConfigurationPlatforms) = preSolution
		Debug|Any CPU = Debug|Any CPU
		Release|Any CPU = Release|Any CPU
	EndGlobalSection
	GlobalSection(ProjectConfigurationPlatforms) = postSolution
		{88CB9AFD-BE32-476E-A522-04F580C15641}.Debug|Any CPU.ActiveCfg = Debug|Any CPU
		{88CB9AFD-BE32-476E-A522-04F580C15641}.Debug|Any CPU.Build.0 = Debug|Any CPU
		{88CB9AFD-BE32-476E-A522-04F580C15641}.Release|Any CPU.ActiveCfg = Release|Any CPU
		{88CB9AFD-BE32-476E-A522-04F580C15641}.Release|Any CPU.Build.0 = Release|Any CPU
	EndGlobalSection
	GlobalSection(SolutionProperties) = preSolution
		HideSolutionNode = FALSE
	EndGlobalSection
	GlobalSection(ExtensibilityGlobals) = postSolution
		SolutionGuid = {55FA50B7-51EF-4FAD-B4F0-2ED52AA2B6A7}
	EndGlobalSection
EndGlobal
